
Microsoft Visual Studio Solution File, Format Version 12.00
# Visual Studio 2012
Project("{FAE04EC0-301F-11D3-BF4B-00C04F79EFBC}") = "CoreMLHelper.iOS", "CoreMLHelper.iOS\CoreMLHelper.iOS.csproj", "{C5504679-6350-4FC1-9572-641EE12C1943}"
EndProject
Global
	GlobalSection(SolutionConfigurationPlatforms) = preSolution
		Debug|Any CPU = Debug|Any CPU
		Release|Any CPU = Release|Any CPU
	EndGlobalSection
	GlobalSection(ProjectConfigurationPlatforms) = postSolution
		{C5504679-6350-4FC1-9572-641EE12C1943}.Debug|Any CPU.ActiveCfg = Debug|Any CPU
		{C5504679-6350-4FC1-9572-641EE12C1943}.Debug|Any CPU.Build.0 = Debug|Any CPU
		{C5504679-6350-4FC1-9572-641EE12C1943}.Release|Any CPU.ActiveCfg = Release|Any CPU
		{C5504679-6350-4FC1-9572-641EE12C1943}.Release|Any CPU.Build.0 = Release|Any CPU
	EndGlobalSection
EndGlobal
